
Microsoft Visual Studio Solution File, Format Version 12.00
# Visual Studio Version 17
VisualStudioVersion = 17.4.33110.190
MinimumVisualStudioVersion = 10.0.40219.1
Project("{9A19103F-16F7-4668-BE54-9A1E7A4F7556}") = "UpturnNumericalTriangle", "UpturnNumericalTriangle.csproj", "{D47A337D-F09A-48B3-94C4-88EAB5D17358}"
EndProject
Global
	GlobalSection(SolutionConfigurationPlatforms) = preSolution
		Debug|Any CPU = Debug|Any CPU
		Release|Any CPU = Release|Any CPU
	EndGlobalSection
	GlobalSection(ProjectConfigurationPlatforms) = postSolution
		{D47A337D-F09A-48B3-94C4-88EAB5D17358}.Debug|Any CPU.ActiveCfg = Debug|Any CPU
		{D47A337D-F09A-48B3-94C4-88EAB5D17358}.Debug|Any CPU.Build.0 = Debug|Any CPU
		{D47A337D-F09A-48B3-94C4-88EAB5D17358}.Release|Any CPU.ActiveCfg = Release|Any CPU
		{D47A337D-F09A-48B3-94C4-88EAB5D17358}.Release|Any CPU.Build.0 = Release|Any CPU
	EndGlobalSection
	GlobalSection(SolutionProperties) = preSolution
		HideSolutionNode = FALSE
	EndGlobalSection
	GlobalSection(ExtensibilityGlobals) = postSolution
		SolutionGuid = {8EBAAB58-E5C2-47E2-B1CD-25DB8BD13322}
	EndGlobalSection
EndGlobal
