
Microsoft Visual Studio Solution File, Format Version 12.00
# Visual Studio Version 17
VisualStudioVersion = 17.4.33122.133
MinimumVisualStudioVersion = 10.0.40219.1
Project("{FAE04EC0-301F-11D3-BF4B-00C04F79EFBC}") = "Car", "Car.csproj", "{6415EF09-9A52-4A26-9613-93D144AF0F3D}"
EndProject
Project("{FAE04EC0-301F-11D3-BF4B-00C04F79EFBC}") = "Car.Tests", "..\Car.Tests\Car.Tests.csproj", "{2C1A01B1-3C91-4B00-88AA-D366000A9CBC}"
EndProject
Global
	GlobalSection(SolutionConfigurationPlatforms) = preSolution
		Debug|Any CPU = Debug|Any CPU
		Release|Any CPU = Release|Any CPU
	EndGlobalSection
	GlobalSection(ProjectConfigurationPlatforms) = postSolution
		{6415EF09-9A52-4A26-9613-93D144AF0F3D}.Debug|Any CPU.ActiveCfg = Debug|Any CPU
		{6415EF09-9A52-4A26-9613-93D144AF0F3D}.Debug|Any CPU.Build.0 = Debug|Any CPU
		{6415EF09-9A52-4A26-9613-93D144AF0F3D}.Release|Any CPU.ActiveCfg = Release|Any CPU
		{6415EF09-9A52-4A26-9613-93D144AF0F3D}.Release|Any CPU.Build.0 = Release|Any CPU
		{2C1A01B1-3C91-4B00-88AA-D366000A9CBC}.Debug|Any CPU.ActiveCfg = Debug|Any CPU
		{2C1A01B1-3C91-4B00-88AA-D366000A9CBC}.Debug|Any CPU.Build.0 = Debug|Any CPU
		{2C1A01B1-3C91-4B00-88AA-D366000A9CBC}.Release|Any CPU.ActiveCfg = Release|Any CPU
		{2C1A01B1-3C91-4B00-88AA-D366000A9CBC}.Release|Any CPU.Build.0 = Release|Any CPU
	EndGlobalSection
	GlobalSection(SolutionProperties) = preSolution
		HideSolutionNode = FALSE
	EndGlobalSection
	GlobalSection(ExtensibilityGlobals) = postSolution
		SolutionGuid = {382DA726-7FF0-44F4-ACE4-E3FDDE4DB704}
	EndGlobalSection
EndGlobal
